
Microsoft Visual Studio Solution File, Format Version 12.00
# Visual Studio Version 16
VisualStudioVersion = 16.0.31702.278
MinimumVisualStudioVersion = 10.0.40219.1
Project("{FAE04EC0-301F-11D3-BF4B-00C04F79EFBC}") = "CurrencyControl.Android", "CurrencyControl.Android\CurrencyControl.Android.csproj", "{D169CA9A-8D8D-4182-9EEF-E29330DFFDD0}"
EndProject
Project("{FAE04EC0-301F-11D3-BF4B-00C04F79EFBC}") = "CurrencyControl.iOS", "CurrencyControl.iOS\CurrencyControl.iOS.csproj", "{2EBA1D40-4D6F-4350-A0E4-F0655E52FF37}"
EndProject
Project("{FAE04EC0-301F-11D3-BF4B-00C04F79EFBC}") = "CurrencyControl", "CurrencyControl\CurrencyControl.csproj", "{C09951EF-BEC3-4119-9FF7-D65A6A3FA35A}"
EndProject
Global
	GlobalSection(SolutionConfigurationPlatforms) = preSolution
		Debug|Any CPU = Debug|Any CPU
		Debug|iPhone = Debug|iPhone
		Debug|iPhoneSimulator = Debug|iPhoneSimulator
		Release|Any CPU = Release|Any CPU
		Release|iPhone = Release|iPhone
		Release|iPhoneSimulator = Release|iPhoneSimulator
	EndGlobalSection
	GlobalSection(ProjectConfigurationPlatforms) = postSolution
		{D169CA9A-8D8D-4182-9EEF-E29330DFFDD0}.Debug|Any CPU.ActiveCfg = Debug|Any CPU
		{D169CA9A-8D8D-4182-9EEF-E29330DFFDD0}.Debug|Any CPU.Build.0 = Debug|Any CPU
		{D169CA9A-8D8D-4182-9EEF-E29330DFFDD0}.Debug|Any CPU.Deploy.0 = Debug|Any CPU
		{D169CA9A-8D8D-4182-9EEF-E29330DFFDD0}.Debug|iPhone.ActiveCfg = Debug|Any CPU
		{D169CA9A-8D8D-4182-9EEF-E29330DFFDD0}.Debug|iPhone.Build.0 = Debug|Any CPU
		{D169CA9A-8D8D-4182-9EEF-E29330DFFDD0}.Debug|iPhone.Deploy.0 = Debug|Any CPU
		{D169CA9A-8D8D-4182-9EEF-E29330DFFDD0}.Debug|iPhoneSimulator.ActiveCfg = Debug|Any CPU
		{D169CA9A-8D8D-4182-9EEF-E29330DFFDD0}.Debug|iPhoneSimulator.Build.0 = Debug|Any CPU
		{D169CA9A-8D8D-4182-9EEF-E29330DFFDD0}.Debug|iPhoneSimulator.Deploy.0 = Debug|Any CPU
		{D169CA9A-8D8D-4182-9EEF-E29330DFFDD0}.Release|Any CPU.ActiveCfg = Release|Any CPU
		{D169CA9A-8D8D-4182-9EEF-E29330DFFDD0}.Release|Any CPU.Build.0 = Release|Any CPU
		{D169CA9A-8D8D-4182-9EEF-E29330DFFDD0}.Release|Any CPU.Deploy.0 = Release|Any CPU
		{D169CA9A-8D8D-4182-9EEF-E29330DFFDD0}.Release|iPhone.ActiveCfg = Release|Any CPU
		{D169CA9A-8D8D-4182-9EEF-E29330DFFDD0}.Release|iPhone.Build.0 = Release|Any CPU
		{D169CA9A-8D8D-4182-9EEF-E29330DFFDD0}.Release|iPhone.Deploy.0 = Release|Any CPU
		{D169CA9A-8D8D-4182-9EEF-E29330DFFDD0}.Release|iPhoneSimulator.ActiveCfg = Release|Any CPU
		{D169CA9A-8D8D-4182-9EEF-E29330DFFDD0}.Release|iPhoneSimulator.Build.0 = Release|Any CPU
		{D169CA9A-8D8D-4182-9EEF-E29330DFFDD0}.Release|iPhoneSimulator.Deploy.0 = Release|Any CPU
		{2EBA1D40-4D6F-4350-A0E4-F0655E52FF37}.Debug|Any CPU.ActiveCfg = Debug|iPhone
		{2EBA1D40-4D6F-4350-A0E4-F0655E52FF37}.Debug|Any CPU.Build.0 = Debug|iPhone
		{2EBA1D40-4D6F-4350-A0E4-F0655E52FF37}.Debug|Any CPU.Deploy.0 = Debug|iPhone
		{2EBA1D40-4D6F-4350-A0E4-F0655E52FF37}.Debug|iPhone.ActiveCfg = Debug|iPhone
		{2EBA1D40-4D6F-4350-A0E4-F0655E52FF37}.Debug|iPhone.Build.0 = Debug|iPhone
		{2EBA1D40-4D6F-4350-A0E4-F0655E52FF37}.Debug|iPhone.Deploy.0 = Debug|iPhone
		{2EBA1D40-4D6F-4350-A0E4-F0655E52FF37}.Debug|iPhoneSimulator.ActiveCfg = Debug|iPhoneSimulator
		{2EBA1D40-4D6F-4350-A0E4-F0655E52FF37}.Debug|iPhoneSimulator.Build.0 = Debug|iPhoneSimulator
		{2EBA1D40-4D6F-4350-A0E4-F0655E52FF37}.Debug|iPhoneSimulator.Deploy.0 = Debug|iPhoneSimulator
		{2EBA1D40-4D6F-4350-A0E4-F0655E52FF37}.Release|Any CPU.ActiveCfg = Release|iPhoneSimulator
		{2EBA1D40-4D6F-4350-A0E4-F0655E52FF37}.Release|Any CPU.Build.0 = Release|iPhoneSimulator
		{2EBA1D40-4D6F-4350-A0E4-F0655E52FF37}.Release|Any CPU.Deploy.0 = Release|iPhoneSimulator
		{2EBA1D40-4D6F-4350-A0E4-F0655E52FF37}.Release|iPhone.ActiveCfg = Release|iPhone
		{2EBA1D40-4D6F-4350-A0E4-F0655E52FF37}.Release|iPhone.Build.0 = Release|iPhone
		{2EBA1D40-4D6F-4350-A0E4-F0655E52FF37}.Release|iPhone.Deploy.0 = Release|iPhone
		{2EBA1D40-4D6F-4350-A0E4-F0655E52FF37}.Release|iPhoneSimulator.ActiveCfg = Release|iPhoneSimulator
		{2EBA1D40-4D6F-4350-A0E4-F0655E52FF37}.Release|iPhoneSimulator.Build.0 = Release|iPhoneSimulator
		{2EBA1D40-4D6F-4350-A0E4-F0655E52FF37}.Release|iPhoneSimulator.Deploy.0 = Release|iPhoneSimulator
		{C09951EF-BEC3-4119-9FF7-D65A6A3FA35A}.Debug|Any CPU.ActiveCfg = Debug|Any CPU
		{C09951EF-BEC3-4119-9FF7-D65A6A3FA35A}.Debug|Any CPU.Build.0 = Debug|Any CPU
		{C09951EF-BEC3-4119-9FF7-D65A6A3FA35A}.Debug|Any CPU.Deploy.0 = Debug|Any CPU
		{C09951EF-BEC3-4119-9FF7-D65A6A3FA35A}.Debug|iPhone.ActiveCfg = Debug|Any CPU
		{C09951EF-BEC3-4119-9FF7-D65A6A3FA35A}.Debug|iPhone.Build.0 = Debug|Any CPU
		{C09951EF-BEC3-4119-9FF7-D65A6A3FA35A}.Debug|iPhone.Deploy.0 = Debug|Any CPU
		{C09951EF-BEC3-4119-9FF7-D65A6A3FA35A}.Debug|iPhoneSimulator.ActiveCfg = Debug|Any CPU
		{C09951EF-BEC3-4119-9FF7-D65A6A3FA35A}.Debug|iPhoneSimulator.Build.0 = Debug|Any CPU
		{C09951EF-BEC3-4119-9FF7-D65A6A3FA35A}.Debug|iPhoneSimulator.Deploy.0 = Debug|Any CPU
		{C09951EF-BEC3-4119-9FF7-D65A6A3FA35A}.Release|Any CPU.ActiveCfg = Release|Any CPU
		{C09951EF-BEC3-4119-9FF7-D65A6A3FA35A}.Release|Any CPU.Build.0 = Release|Any CPU
		{C09951EF-BEC3-4119-9FF7-D65A6A3FA35A}.Release|Any CPU.Deploy.0 = Release|Any CPU
		{C09951EF-BEC3-4119-9FF7-D65A6A3FA35A}.Release|iPhone.ActiveCfg = Release|Any CPU
		{C09951EF-BEC3-4119-9FF7-D65A6A3FA35A}.Release|iPhone.Build.0 = Release|Any CPU
		{C09951EF-BEC3-4119-9FF7-D65A6A3FA35A}.Release|iPhone.Deploy.0 = Release|Any CPU
		{C09951EF-BEC3-4119-9FF7-D65A6A3FA35A}.Release|iPhoneSimulator.ActiveCfg = Release|Any CPU
		{C09951EF-BEC3-4119-9FF7-D65A6A3FA35A}.Release|iPhoneSimulator.Build.0 = Release|Any CPU
		{C09951EF-BEC3-4119-9FF7-D65A6A3FA35A}.Release|iPhoneSimulator.Deploy.0 = Release|Any CPU
	EndGlobalSection
	GlobalSection(SolutionProperties) = preSolution
		HideSolutionNode = FALSE
	EndGlobalSection
	GlobalSection(ExtensibilityGlobals) = postSolution
		SolutionGuid = {7131169F-B427-4010-B47B-3EB7AA64B49C}
	EndGlobalSection
EndGlobal
